
Microsoft Visual Studio Solution File, Format Version 12.00
# Visual Studio Version 17
VisualStudioVersion = 17.4.33205.214
MinimumVisualStudioVersion = 10.0.40219.1
Project("{9A19103F-16F7-4668-BE54-9A1E7A4F7556}") = "viewengine", "viewengine.csproj", "{706F0594-C2E4-4312-8701-FB7497D61C6B}"
EndProject
Global
	GlobalSection(SolutionConfigurationPlatforms) = preSolution
		Debug|Any CPU = Debug|Any CPU
		Release|Any CPU = Release|Any CPU
	EndGlobalSection
	GlobalSection(ProjectConfigurationPlatforms) = postSolution
		{706F0594-C2E4-4312-8701-FB7497D61C6B}.Debug|Any CPU.ActiveCfg = Debug|Any CPU
		{706F0594-C2E4-4312-8701-FB7497D61C6B}.Debug|Any CPU.Build.0 = Debug|Any CPU
		{706F0594-C2E4-4312-8701-FB7497D61C6B}.Release|Any CPU.ActiveCfg = Release|Any CPU
		{706F0594-C2E4-4312-8701-FB7497D61C6B}.Release|Any CPU.Build.0 = Release|Any CPU
	EndGlobalSection
	GlobalSection(SolutionProperties) = preSolution
		HideSolutionNode = FALSE
	EndGlobalSection
	GlobalSection(ExtensibilityGlobals) = postSolution
		SolutionGuid = {CB5FB25E-A9D9-436C-BBE3-5A4B9B52C4C9}
	EndGlobalSection
EndGlobal
