
Microsoft Visual Studio Solution File, Format Version 12.00
# Visual Studio Version 17
VisualStudioVersion = 17.4.33205.214
MinimumVisualStudioVersion = 10.0.40219.1
Project("{9A19103F-16F7-4668-BE54-9A1E7A4F7556}") = "ModelBinder", "ModelBinder.csproj", "{20D6BDDA-0D37-4AE4-955C-7408C0018CBB}"
EndProject
Global
	GlobalSection(SolutionConfigurationPlatforms) = preSolution
		Debug|Any CPU = Debug|Any CPU
		Release|Any CPU = Release|Any CPU
	EndGlobalSection
	GlobalSection(ProjectConfigurationPlatforms) = postSolution
		{20D6BDDA-0D37-4AE4-955C-7408C0018CBB}.Debug|Any CPU.ActiveCfg = Debug|Any CPU
		{20D6BDDA-0D37-4AE4-955C-7408C0018CBB}.Debug|Any CPU.Build.0 = Debug|Any CPU
		{20D6BDDA-0D37-4AE4-955C-7408C0018CBB}.Release|Any CPU.ActiveCfg = Release|Any CPU
		{20D6BDDA-0D37-4AE4-955C-7408C0018CBB}.Release|Any CPU.Build.0 = Release|Any CPU
	EndGlobalSection
	GlobalSection(SolutionProperties) = preSolution
		HideSolutionNode = FALSE
	EndGlobalSection
	GlobalSection(ExtensibilityGlobals) = postSolution
		SolutionGuid = {2810E42A-FDD7-4409-BEE6-DDB8D90AA074}
	EndGlobalSection
EndGlobal
